
Microsoft Visual Studio Solution File, Format Version 12.00
# Visual Studio Version 17
VisualStudioVersion = 17.13.35818.85 d17.13
MinimumVisualStudioVersion = 10.0.40219.1
Project("{FAE04EC0-301F-11D3-BF4B-00C04F79EFBC}") = "OOP Employee", "OOP Employee\OOP Employee.csproj", "{2CAB1DB2-C1EE-4A80-9A40-5FD906839D7C}"
EndProject
Global
	GlobalSection(SolutionConfigurationPlatforms) = preSolution
		Debug|Any CPU = Debug|Any CPU
		Release|Any CPU = Release|Any CPU
	EndGlobalSection
	GlobalSection(ProjectConfigurationPlatforms) = postSolution
		{2CAB1DB2-C1EE-4A80-9A40-5FD906839D7C}.Debug|Any CPU.ActiveCfg = Debug|Any CPU
		{2CAB1DB2-C1EE-4A80-9A40-5FD906839D7C}.Debug|Any CPU.Build.0 = Debug|Any CPU
		{2CAB1DB2-C1EE-4A80-9A40-5FD906839D7C}.Release|Any CPU.ActiveCfg = Release|Any CPU
		{2CAB1DB2-C1EE-4A80-9A40-5FD906839D7C}.Release|Any CPU.Build.0 = Release|Any CPU
	EndGlobalSection
	GlobalSection(SolutionProperties) = preSolution
		HideSolutionNode = FALSE
	EndGlobalSection
	GlobalSection(ExtensibilityGlobals) = postSolution
		SolutionGuid = {BC0DBD82-5632-43CC-A877-2012FB053E3E}
	EndGlobalSection
EndGlobal
